
Microsoft Visual Studio Solution File, Format Version 12.00
# Visual Studio Version 16
VisualStudioVersion = 16.0.31515.178
MinimumVisualStudioVersion = 10.0.40219.1
Project("{FAE04EC0-301F-11D3-BF4B-00C04F79EFBC}") = "TestDrivenDevelopment.Tests", "TestDrivenDevelopment.Tests\TestDrivenDevelopment.Tests.csproj", "{384BC992-5088-46A9-8BE6-DC2988AC3EC0}"
EndProject
Project("{FAE04EC0-301F-11D3-BF4B-00C04F79EFBC}") = "TestDrivenDevelopment", "TestDrivenDevelopment\TestDrivenDevelopment.csproj", "{BCADD07B-3E9C-4E05-A2C1-9D1CC1918EBD}"
EndProject
Global
	GlobalSection(SolutionConfigurationPlatforms) = preSolution
		Debug|Any CPU = Debug|Any CPU
		Release|Any CPU = Release|Any CPU
	EndGlobalSection
	GlobalSection(ProjectConfigurationPlatforms) = postSolution
		{384BC992-5088-46A9-8BE6-DC2988AC3EC0}.Debug|Any CPU.ActiveCfg = Debug|Any CPU
		{384BC992-5088-46A9-8BE6-DC2988AC3EC0}.Debug|Any CPU.Build.0 = Debug|Any CPU
		{384BC992-5088-46A9-8BE6-DC2988AC3EC0}.Release|Any CPU.ActiveCfg = Release|Any CPU
		{384BC992-5088-46A9-8BE6-DC2988AC3EC0}.Release|Any CPU.Build.0 = Release|Any CPU
		{BCADD07B-3E9C-4E05-A2C1-9D1CC1918EBD}.Debug|Any CPU.ActiveCfg = Debug|Any CPU
		{BCADD07B-3E9C-4E05-A2C1-9D1CC1918EBD}.Debug|Any CPU.Build.0 = Debug|Any CPU
		{BCADD07B-3E9C-4E05-A2C1-9D1CC1918EBD}.Release|Any CPU.ActiveCfg = Release|Any CPU
		{BCADD07B-3E9C-4E05-A2C1-9D1CC1918EBD}.Release|Any CPU.Build.0 = Release|Any CPU
	EndGlobalSection
	GlobalSection(SolutionProperties) = preSolution
		HideSolutionNode = FALSE
	EndGlobalSection
	GlobalSection(ExtensibilityGlobals) = postSolution
		SolutionGuid = {31EA2DB1-4918-4535-B86E-F5C70479DEC7}
	EndGlobalSection
EndGlobal
